
Microsoft Visual Studio Solution File, Format Version 12.00
# Visual Studio Version 17
VisualStudioVersion = 17.7.34031.279
MinimumVisualStudioVersion = 10.0.40219.1
Project("{FAE04EC0-301F-11D3-BF4B-00C04F79EFBC}") = "Cifras", "Cifras\Cifras.csproj", "{7B10D612-7E04-49FB-969A-DEF68C6A0B10}"
EndProject
Project("{FAE04EC0-301F-11D3-BF4B-00C04F79EFBC}") = "suma ,resta, producto y division", "suma ,resta, producto y division\suma ,resta, producto y division.csproj", "{DDDF4ED7-D857-4789-9BE3-AD5E44BDC445}"
EndProject
Project("{FAE04EC0-301F-11D3-BF4B-00C04F79EFBC}") = "capacitacion", "capacitacion\capacitacion.csproj", "{5AFA2C6F-8FB8-440F-8180-401203A4AFD0}"
EndProject
Global
	GlobalSection(SolutionConfigurationPlatforms) = preSolution
		Debug|Any CPU = Debug|Any CPU
		Release|Any CPU = Release|Any CPU
	EndGlobalSection
	GlobalSection(ProjectConfigurationPlatforms) = postSolution
		{7B10D612-7E04-49FB-969A-DEF68C6A0B10}.Debug|Any CPU.ActiveCfg = Debug|Any CPU
		{7B10D612-7E04-49FB-969A-DEF68C6A0B10}.Debug|Any CPU.Build.0 = Debug|Any CPU
		{7B10D612-7E04-49FB-969A-DEF68C6A0B10}.Release|Any CPU.ActiveCfg = Release|Any CPU
		{7B10D612-7E04-49FB-969A-DEF68C6A0B10}.Release|Any CPU.Build.0 = Release|Any CPU
		{DDDF4ED7-D857-4789-9BE3-AD5E44BDC445}.Debug|Any CPU.ActiveCfg = Debug|Any CPU
		{DDDF4ED7-D857-4789-9BE3-AD5E44BDC445}.Debug|Any CPU.Build.0 = Debug|Any CPU
		{DDDF4ED7-D857-4789-9BE3-AD5E44BDC445}.Release|Any CPU.ActiveCfg = Release|Any CPU
		{DDDF4ED7-D857-4789-9BE3-AD5E44BDC445}.Release|Any CPU.Build.0 = Release|Any CPU
		{5AFA2C6F-8FB8-440F-8180-401203A4AFD0}.Debug|Any CPU.ActiveCfg = Debug|Any CPU
		{5AFA2C6F-8FB8-440F-8180-401203A4AFD0}.Debug|Any CPU.Build.0 = Debug|Any CPU
		{5AFA2C6F-8FB8-440F-8180-401203A4AFD0}.Release|Any CPU.ActiveCfg = Release|Any CPU
		{5AFA2C6F-8FB8-440F-8180-401203A4AFD0}.Release|Any CPU.Build.0 = Release|Any CPU
	EndGlobalSection
	GlobalSection(SolutionProperties) = preSolution
		HideSolutionNode = FALSE
	EndGlobalSection
	GlobalSection(ExtensibilityGlobals) = postSolution
		SolutionGuid = {222B62A5-4D58-4358-A5E3-978B2FD53A1E}
	EndGlobalSection
EndGlobal
