
Microsoft Visual Studio Solution File, Format Version 12.00
# Visual Studio Version 17
VisualStudioVersion = 17.7.34031.279
MinimumVisualStudioVersion = 10.0.40219.1
Project("{FAE04EC0-301F-11D3-BF4B-00C04F79EFBC}") = "suma y multiplicacion", "suma y multiplicacion\suma y multiplicacion.csproj", "{D9645FA9-CC90-406B-BE57-87C4510BD410}"
EndProject
Project("{FAE04EC0-301F-11D3-BF4B-00C04F79EFBC}") = "Cuadrado", "Cuadrado\Cuadrado.csproj", "{7E5BEF14-686A-420F-B30D-9897BF12EFE7}"
EndProject
Project("{FAE04EC0-301F-11D3-BF4B-00C04F79EFBC}") = "suma y promedio", "suma y promedio\suma y promedio.csproj", "{71EE16A5-6A89-4CA6-8D28-5516A16B87AB}"
EndProject
Global
	GlobalSection(SolutionConfigurationPlatforms) = preSolution
		Debug|Any CPU = Debug|Any CPU
		Release|Any CPU = Release|Any CPU
	EndGlobalSection
	GlobalSection(ProjectConfigurationPlatforms) = postSolution
		{D9645FA9-CC90-406B-BE57-87C4510BD410}.Debug|Any CPU.ActiveCfg = Debug|Any CPU
		{D9645FA9-CC90-406B-BE57-87C4510BD410}.Debug|Any CPU.Build.0 = Debug|Any CPU
		{D9645FA9-CC90-406B-BE57-87C4510BD410}.Release|Any CPU.ActiveCfg = Release|Any CPU
		{D9645FA9-CC90-406B-BE57-87C4510BD410}.Release|Any CPU.Build.0 = Release|Any CPU
		{7E5BEF14-686A-420F-B30D-9897BF12EFE7}.Debug|Any CPU.ActiveCfg = Debug|Any CPU
		{7E5BEF14-686A-420F-B30D-9897BF12EFE7}.Debug|Any CPU.Build.0 = Debug|Any CPU
		{7E5BEF14-686A-420F-B30D-9897BF12EFE7}.Release|Any CPU.ActiveCfg = Release|Any CPU
		{7E5BEF14-686A-420F-B30D-9897BF12EFE7}.Release|Any CPU.Build.0 = Release|Any CPU
		{71EE16A5-6A89-4CA6-8D28-5516A16B87AB}.Debug|Any CPU.ActiveCfg = Debug|Any CPU
		{71EE16A5-6A89-4CA6-8D28-5516A16B87AB}.Debug|Any CPU.Build.0 = Debug|Any CPU
		{71EE16A5-6A89-4CA6-8D28-5516A16B87AB}.Release|Any CPU.ActiveCfg = Release|Any CPU
		{71EE16A5-6A89-4CA6-8D28-5516A16B87AB}.Release|Any CPU.Build.0 = Release|Any CPU
	EndGlobalSection
	GlobalSection(SolutionProperties) = preSolution
		HideSolutionNode = FALSE
	EndGlobalSection
	GlobalSection(ExtensibilityGlobals) = postSolution
		SolutionGuid = {16617F88-E06A-4F67-98EB-8D8D130FB79B}
	EndGlobalSection
EndGlobal
